
Microsoft Visual Studio Solution File, Format Version 12.00
# Visual Studio Version 16
VisualStudioVersion = 16.0.29509.3
MinimumVisualStudioVersion = 10.0.40219.1
Project("{FAE04EC0-301F-11D3-BF4B-00C04F79EFBC}") = "CircleParametr_Binding_WPF", "Practice_Binding_WPF\CircleParametr_Binding_WPF.csproj", "{46D17EDB-6B51-4FA3-9C1E-465BA06E6032}"
EndProject
Project("{FAE04EC0-301F-11D3-BF4B-00C04F79EFBC}") = "TextBox-Lable21.12_1", "Binding_practice21.12\TextBox-Lable21.12_1.csproj", "{1F8ADCF0-0060-4107-B520-AEF5F9F69D94}"
EndProject
Project("{FAE04EC0-301F-11D3-BF4B-00C04F79EFBC}") = "ProggresBar_P_21.12_2", "Binding_P_21.12_2\ProggresBar_P_21.12_2.csproj", "{6D44C846-9ACC-4190-8403-9A5E2D3E5B3F}"
EndProject
Project("{FAE04EC0-301F-11D3-BF4B-00C04F79EFBC}") = "ColorTextComboBox_P_21.12_3", "Binding_P_21.12_3\ColorTextComboBox_P_21.12_3.csproj", "{7AE3BCCA-0520-4A19-A064-169549023BF9}"
EndProject
Project("{FAE04EC0-301F-11D3-BF4B-00C04F79EFBC}") = "EmployeeInfoGetting_P_21.12_4", "Binding_P_21.12_4\EmployeeInfoGetting_P_21.12_4.csproj", "{B3EE1BD6-6402-46C8-B6B7-9D58FD975043}"
EndProject
Project("{FAE04EC0-301F-11D3-BF4B-00C04F79EFBC}") = "EmployeeRegister", "EmployeeRegister\EmployeeRegister.csproj", "{BB642FC6-B79B-4AF6-8B86-15D19A8AA19A}"
EndProject
Global
	GlobalSection(SolutionConfigurationPlatforms) = preSolution
		Debug|Any CPU = Debug|Any CPU
		Release|Any CPU = Release|Any CPU
	EndGlobalSection
	GlobalSection(ProjectConfigurationPlatforms) = postSolution
		{46D17EDB-6B51-4FA3-9C1E-465BA06E6032}.Debug|Any CPU.ActiveCfg = Debug|Any CPU
		{46D17EDB-6B51-4FA3-9C1E-465BA06E6032}.Debug|Any CPU.Build.0 = Debug|Any CPU
		{46D17EDB-6B51-4FA3-9C1E-465BA06E6032}.Release|Any CPU.ActiveCfg = Release|Any CPU
		{46D17EDB-6B51-4FA3-9C1E-465BA06E6032}.Release|Any CPU.Build.0 = Release|Any CPU
		{1F8ADCF0-0060-4107-B520-AEF5F9F69D94}.Debug|Any CPU.ActiveCfg = Debug|Any CPU
		{1F8ADCF0-0060-4107-B520-AEF5F9F69D94}.Debug|Any CPU.Build.0 = Debug|Any CPU
		{1F8ADCF0-0060-4107-B520-AEF5F9F69D94}.Release|Any CPU.ActiveCfg = Release|Any CPU
		{1F8ADCF0-0060-4107-B520-AEF5F9F69D94}.Release|Any CPU.Build.0 = Release|Any CPU
		{6D44C846-9ACC-4190-8403-9A5E2D3E5B3F}.Debug|Any CPU.ActiveCfg = Debug|Any CPU
		{6D44C846-9ACC-4190-8403-9A5E2D3E5B3F}.Debug|Any CPU.Build.0 = Debug|Any CPU
		{6D44C846-9ACC-4190-8403-9A5E2D3E5B3F}.Release|Any CPU.ActiveCfg = Release|Any CPU
		{6D44C846-9ACC-4190-8403-9A5E2D3E5B3F}.Release|Any CPU.Build.0 = Release|Any CPU
		{7AE3BCCA-0520-4A19-A064-169549023BF9}.Debug|Any CPU.ActiveCfg = Debug|Any CPU
		{7AE3BCCA-0520-4A19-A064-169549023BF9}.Debug|Any CPU.Build.0 = Debug|Any CPU
		{7AE3BCCA-0520-4A19-A064-169549023BF9}.Release|Any CPU.ActiveCfg = Release|Any CPU
		{7AE3BCCA-0520-4A19-A064-169549023BF9}.Release|Any CPU.Build.0 = Release|Any CPU
		{B3EE1BD6-6402-46C8-B6B7-9D58FD975043}.Debug|Any CPU.ActiveCfg = Debug|Any CPU
		{B3EE1BD6-6402-46C8-B6B7-9D58FD975043}.Debug|Any CPU.Build.0 = Debug|Any CPU
		{B3EE1BD6-6402-46C8-B6B7-9D58FD975043}.Release|Any CPU.ActiveCfg = Release|Any CPU
		{B3EE1BD6-6402-46C8-B6B7-9D58FD975043}.Release|Any CPU.Build.0 = Release|Any CPU
		{BB642FC6-B79B-4AF6-8B86-15D19A8AA19A}.Debug|Any CPU.ActiveCfg = Debug|Any CPU
		{BB642FC6-B79B-4AF6-8B86-15D19A8AA19A}.Debug|Any CPU.Build.0 = Debug|Any CPU
		{BB642FC6-B79B-4AF6-8B86-15D19A8AA19A}.Release|Any CPU.ActiveCfg = Release|Any CPU
		{BB642FC6-B79B-4AF6-8B86-15D19A8AA19A}.Release|Any CPU.Build.0 = Release|Any CPU
	EndGlobalSection
	GlobalSection(SolutionProperties) = preSolution
		HideSolutionNode = FALSE
	EndGlobalSection
	GlobalSection(ExtensibilityGlobals) = postSolution
		SolutionGuid = {B3BFD135-5E19-4563-9556-3FC2E155C470}
	EndGlobalSection
EndGlobal
