
Microsoft Visual Studio Solution File, Format Version 12.00
# Visual Studio Version 16
VisualStudioVersion = 16.0.29509.3
MinimumVisualStudioVersion = 10.0.40219.1
Project("{FAE04EC0-301F-11D3-BF4B-00C04F79EFBC}") = "Practice14.12_1", "Practice14.12\Practice14.12_1.csproj", "{B9CDC448-801B-4CB4-958C-D035708FEC73}"
EndProject
Project("{FAE04EC0-301F-11D3-BF4B-00C04F79EFBC}") = "Practice14.12_2", "Practice14.12_2\Practice14.12_2.csproj", "{472EA5ED-65AA-4AEB-8C53-3610D68B7128}"
EndProject
Project("{FAE04EC0-301F-11D3-BF4B-00C04F79EFBC}") = "Practice14.12_3", "Practice14.12_3\Practice14.12_3.csproj", "{F4C82182-3614-42F1-93D4-76080CBB176A}"
EndProject
Project("{FAE04EC0-301F-11D3-BF4B-00C04F79EFBC}") = "Practice14.12_4", "Practice14.12_4\Practice14.12_4.csproj", "{E0597872-5154-4444-AD30-8C203750D871}"
EndProject
Project("{FAE04EC0-301F-11D3-BF4B-00C04F79EFBC}") = "Practice14.12_5", "Practice14.12_5\Practice14.12_5.csproj", "{DBB1D480-7A5B-4641-910F-2C7DDB3C6EF4}"
EndProject
Project("{FAE04EC0-301F-11D3-BF4B-00C04F79EFBC}") = "Practice14.12_6", "Practice14.12_6\Practice14.12_6.csproj", "{E49DAD80-B8CA-4E50-AD40-631DD6C3506A}"
EndProject
Project("{FAE04EC0-301F-11D3-BF4B-00C04F79EFBC}") = "Practice14.12_7", "Practice14.12_7\Practice14.12_7.csproj", "{1FCDF0F1-20D2-47FD-BF68-2A4CBC353654}"
EndProject
Project("{FAE04EC0-301F-11D3-BF4B-00C04F79EFBC}") = "Practice14.12_7(vertical)", "Practice14.12_7(vertical)\Practice14.12_7(vertical).csproj", "{947BB795-A7CE-4BC7-8CEC-3FBB88564D5B}"
EndProject
Project("{FAE04EC0-301F-11D3-BF4B-00C04F79EFBC}") = "Practice14.12_8", "Practice14.12_8\Practice14.12_8.csproj", "{5EC7F805-40E9-4ED1-9ADF-F12940521EF2}"
EndProject
Project("{FAE04EC0-301F-11D3-BF4B-00C04F79EFBC}") = "Practice14.12_9", "Practice14.12_9\Practice14.12_9.csproj", "{7EBE511D-516A-49CF-8441-B7D66DA83A7E}"
EndProject
Project("{FAE04EC0-301F-11D3-BF4B-00C04F79EFBC}") = "Practice14.29_HW_Calculator", "Practice14.29_HomeWork\Practice14.29_HW_Calculator.csproj", "{344F415C-C007-497D-BBA0-7F8E1B600156}"
EndProject
Project("{FAE04EC0-301F-11D3-BF4B-00C04F79EFBC}") = "Practice_command", "Practice_command\Practice_command.csproj", "{A81A0DC3-2A74-49E5-8FDD-85F534E01C45}"
EndProject
Project("{FAE04EC0-301F-11D3-BF4B-00C04F79EFBC}") = "Event_28.12", "Event_28.12\Event_28.12.csproj", "{F9B09EEB-3E03-4C15-AE81-00701B2686AE}"
EndProject
Project("{FAE04EC0-301F-11D3-BF4B-00C04F79EFBC}") = "Command_Practice28.12", "Command_Practice28.12\Command_Practice28.12.csproj", "{DCBA6C2F-7D5E-47FD-AC61-55A76FFC0303}"
EndProject
Project("{2150E333-8FDC-42A3-9474-1A3956D46DE8}") = "Practice_4_04.01_Author_Book", "Practice_4_04.01_Author_Book", "{89C772A5-2686-4A9F-96EA-38779F4B6913}"
EndProject
Project("{FAE04EC0-301F-11D3-BF4B-00C04F79EFBC}") = "Author_Book_Info", "Author_Book_Info\Author_Book_Info.csproj", "{C4FAC348-9C8F-4A4A-AECF-1424ED035120}"
EndProject
Project("{2150E333-8FDC-42A3-9474-1A3956D46DE8}") = "Practice_1_14.12_layout+culc", "Practice_1_14.12_layout+culc", "{58AF39D8-5A13-475A-988C-ED0BCFF62DF6}"
EndProject
Project("{2150E333-8FDC-42A3-9474-1A3956D46DE8}") = "Practice_3_28.12_Event", "Practice_3_28.12_Event", "{E1049E26-2610-4F3D-AFF6-14744E4008DE}"
EndProject
Project("{2150E333-8FDC-42A3-9474-1A3956D46DE8}") = "PR_Command", "PR_Command", "{D0E4C882-392D-4111-A159-4958FE4BAFD8}"
EndProject
Project("{FAE04EC0-301F-11D3-BF4B-00C04F79EFBC}") = "Practice14.12_11", "Practice14.12_11\Practice14.12_11.csproj", "{01689B0C-3A71-45EA-B44B-C538FE7CCAA9}"
EndProject
Project("{FAE04EC0-301F-11D3-BF4B-00C04F79EFBC}") = "Practice14.12_10", "Practice14.12_10\Practice14.12_10.csproj", "{501D78A9-0F2C-4957-8039-FD3FCE3D4001}"
EndProject
Project("{2150E333-8FDC-42A3-9474-1A3956D46DE8}") = "Task1 - Ellipse", "Task1 - Ellipse", "{3356EC8C-3CFD-421F-BA13-D65AA9D2DBB0}"
EndProject
Project("{2150E333-8FDC-42A3-9474-1A3956D46DE8}") = "Task2_Employee_Info", "Task2_Employee_Info", "{6B791394-5119-4AA8-8E1E-C2C4ED869453}"
EndProject
Project("{2150E333-8FDC-42A3-9474-1A3956D46DE8}") = "Training_Fromashlep", "Training_Fromashlep", "{AE0D2CFE-53AF-4F89-B822-AAE1B548E9AA}"
EndProject
Project("{FAE04EC0-301F-11D3-BF4B-00C04F79EFBC}") = "FormaShep", "FormaShep\FormaShep.csproj", "{A7403B38-280B-42ED-AA21-2E74830FFB0B}"
EndProject
Global
	GlobalSection(SolutionConfigurationPlatforms) = preSolution
		Debug|Any CPU = Debug|Any CPU
		Release|Any CPU = Release|Any CPU
	EndGlobalSection
	GlobalSection(ProjectConfigurationPlatforms) = postSolution
		{B9CDC448-801B-4CB4-958C-D035708FEC73}.Debug|Any CPU.ActiveCfg = Debug|Any CPU
		{B9CDC448-801B-4CB4-958C-D035708FEC73}.Debug|Any CPU.Build.0 = Debug|Any CPU
		{B9CDC448-801B-4CB4-958C-D035708FEC73}.Release|Any CPU.ActiveCfg = Release|Any CPU
		{B9CDC448-801B-4CB4-958C-D035708FEC73}.Release|Any CPU.Build.0 = Release|Any CPU
		{472EA5ED-65AA-4AEB-8C53-3610D68B7128}.Debug|Any CPU.ActiveCfg = Debug|Any CPU
		{472EA5ED-65AA-4AEB-8C53-3610D68B7128}.Debug|Any CPU.Build.0 = Debug|Any CPU
		{472EA5ED-65AA-4AEB-8C53-3610D68B7128}.Release|Any CPU.ActiveCfg = Release|Any CPU
		{472EA5ED-65AA-4AEB-8C53-3610D68B7128}.Release|Any CPU.Build.0 = Release|Any CPU
		{F4C82182-3614-42F1-93D4-76080CBB176A}.Debug|Any CPU.ActiveCfg = Debug|Any CPU
		{F4C82182-3614-42F1-93D4-76080CBB176A}.Debug|Any CPU.Build.0 = Debug|Any CPU
		{F4C82182-3614-42F1-93D4-76080CBB176A}.Release|Any CPU.ActiveCfg = Release|Any CPU
		{F4C82182-3614-42F1-93D4-76080CBB176A}.Release|Any CPU.Build.0 = Release|Any CPU
		{E0597872-5154-4444-AD30-8C203750D871}.Debug|Any CPU.ActiveCfg = Debug|Any CPU
		{E0597872-5154-4444-AD30-8C203750D871}.Debug|Any CPU.Build.0 = Debug|Any CPU
		{E0597872-5154-4444-AD30-8C203750D871}.Release|Any CPU.ActiveCfg = Release|Any CPU
		{E0597872-5154-4444-AD30-8C203750D871}.Release|Any CPU.Build.0 = Release|Any CPU
		{DBB1D480-7A5B-4641-910F-2C7DDB3C6EF4}.Debug|Any CPU.ActiveCfg = Debug|Any CPU
		{DBB1D480-7A5B-4641-910F-2C7DDB3C6EF4}.Debug|Any CPU.Build.0 = Debug|Any CPU
		{DBB1D480-7A5B-4641-910F-2C7DDB3C6EF4}.Release|Any CPU.ActiveCfg = Release|Any CPU
		{DBB1D480-7A5B-4641-910F-2C7DDB3C6EF4}.Release|Any CPU.Build.0 = Release|Any CPU
		{E49DAD80-B8CA-4E50-AD40-631DD6C3506A}.Debug|Any CPU.ActiveCfg = Debug|Any CPU
		{E49DAD80-B8CA-4E50-AD40-631DD6C3506A}.Debug|Any CPU.Build.0 = Debug|Any CPU
		{E49DAD80-B8CA-4E50-AD40-631DD6C3506A}.Release|Any CPU.ActiveCfg = Release|Any CPU
		{E49DAD80-B8CA-4E50-AD40-631DD6C3506A}.Release|Any CPU.Build.0 = Release|Any CPU
		{1FCDF0F1-20D2-47FD-BF68-2A4CBC353654}.Debug|Any CPU.ActiveCfg = Debug|Any CPU
		{1FCDF0F1-20D2-47FD-BF68-2A4CBC353654}.Debug|Any CPU.Build.0 = Debug|Any CPU
		{1FCDF0F1-20D2-47FD-BF68-2A4CBC353654}.Release|Any CPU.ActiveCfg = Release|Any CPU
		{1FCDF0F1-20D2-47FD-BF68-2A4CBC353654}.Release|Any CPU.Build.0 = Release|Any CPU
		{947BB795-A7CE-4BC7-8CEC-3FBB88564D5B}.Debug|Any CPU.ActiveCfg = Debug|Any CPU
		{947BB795-A7CE-4BC7-8CEC-3FBB88564D5B}.Debug|Any CPU.Build.0 = Debug|Any CPU
		{947BB795-A7CE-4BC7-8CEC-3FBB88564D5B}.Release|Any CPU.ActiveCfg = Release|Any CPU
		{947BB795-A7CE-4BC7-8CEC-3FBB88564D5B}.Release|Any CPU.Build.0 = Release|Any CPU
		{5EC7F805-40E9-4ED1-9ADF-F12940521EF2}.Debug|Any CPU.ActiveCfg = Debug|Any CPU
		{5EC7F805-40E9-4ED1-9ADF-F12940521EF2}.Debug|Any CPU.Build.0 = Debug|Any CPU
		{5EC7F805-40E9-4ED1-9ADF-F12940521EF2}.Release|Any CPU.ActiveCfg = Release|Any CPU
		{5EC7F805-40E9-4ED1-9ADF-F12940521EF2}.Release|Any CPU.Build.0 = Release|Any CPU
		{7EBE511D-516A-49CF-8441-B7D66DA83A7E}.Debug|Any CPU.ActiveCfg = Debug|Any CPU
		{7EBE511D-516A-49CF-8441-B7D66DA83A7E}.Debug|Any CPU.Build.0 = Debug|Any CPU
		{7EBE511D-516A-49CF-8441-B7D66DA83A7E}.Release|Any CPU.ActiveCfg = Release|Any CPU
		{7EBE511D-516A-49CF-8441-B7D66DA83A7E}.Release|Any CPU.Build.0 = Release|Any CPU
		{344F415C-C007-497D-BBA0-7F8E1B600156}.Debug|Any CPU.ActiveCfg = Debug|Any CPU
		{344F415C-C007-497D-BBA0-7F8E1B600156}.Debug|Any CPU.Build.0 = Debug|Any CPU
		{344F415C-C007-497D-BBA0-7F8E1B600156}.Release|Any CPU.ActiveCfg = Release|Any CPU
		{344F415C-C007-497D-BBA0-7F8E1B600156}.Release|Any CPU.Build.0 = Release|Any CPU
		{A81A0DC3-2A74-49E5-8FDD-85F534E01C45}.Debug|Any CPU.ActiveCfg = Debug|Any CPU
		{A81A0DC3-2A74-49E5-8FDD-85F534E01C45}.Debug|Any CPU.Build.0 = Debug|Any CPU
		{A81A0DC3-2A74-49E5-8FDD-85F534E01C45}.Release|Any CPU.ActiveCfg = Release|Any CPU
		{A81A0DC3-2A74-49E5-8FDD-85F534E01C45}.Release|Any CPU.Build.0 = Release|Any CPU
		{F9B09EEB-3E03-4C15-AE81-00701B2686AE}.Debug|Any CPU.ActiveCfg = Debug|Any CPU
		{F9B09EEB-3E03-4C15-AE81-00701B2686AE}.Debug|Any CPU.Build.0 = Debug|Any CPU
		{F9B09EEB-3E03-4C15-AE81-00701B2686AE}.Release|Any CPU.ActiveCfg = Release|Any CPU
		{F9B09EEB-3E03-4C15-AE81-00701B2686AE}.Release|Any CPU.Build.0 = Release|Any CPU
		{DCBA6C2F-7D5E-47FD-AC61-55A76FFC0303}.Debug|Any CPU.ActiveCfg = Debug|Any CPU
		{DCBA6C2F-7D5E-47FD-AC61-55A76FFC0303}.Debug|Any CPU.Build.0 = Debug|Any CPU
		{DCBA6C2F-7D5E-47FD-AC61-55A76FFC0303}.Release|Any CPU.ActiveCfg = Release|Any CPU
		{DCBA6C2F-7D5E-47FD-AC61-55A76FFC0303}.Release|Any CPU.Build.0 = Release|Any CPU
		{C4FAC348-9C8F-4A4A-AECF-1424ED035120}.Debug|Any CPU.ActiveCfg = Debug|Any CPU
		{C4FAC348-9C8F-4A4A-AECF-1424ED035120}.Debug|Any CPU.Build.0 = Debug|Any CPU
		{C4FAC348-9C8F-4A4A-AECF-1424ED035120}.Release|Any CPU.ActiveCfg = Release|Any CPU
		{C4FAC348-9C8F-4A4A-AECF-1424ED035120}.Release|Any CPU.Build.0 = Release|Any CPU
		{01689B0C-3A71-45EA-B44B-C538FE7CCAA9}.Debug|Any CPU.ActiveCfg = Debug|Any CPU
		{01689B0C-3A71-45EA-B44B-C538FE7CCAA9}.Debug|Any CPU.Build.0 = Debug|Any CPU
		{01689B0C-3A71-45EA-B44B-C538FE7CCAA9}.Release|Any CPU.ActiveCfg = Release|Any CPU
		{01689B0C-3A71-45EA-B44B-C538FE7CCAA9}.Release|Any CPU.Build.0 = Release|Any CPU
		{501D78A9-0F2C-4957-8039-FD3FCE3D4001}.Debug|Any CPU.ActiveCfg = Debug|Any CPU
		{501D78A9-0F2C-4957-8039-FD3FCE3D4001}.Debug|Any CPU.Build.0 = Debug|Any CPU
		{501D78A9-0F2C-4957-8039-FD3FCE3D4001}.Release|Any CPU.ActiveCfg = Release|Any CPU
		{501D78A9-0F2C-4957-8039-FD3FCE3D4001}.Release|Any CPU.Build.0 = Release|Any CPU
		{A7403B38-280B-42ED-AA21-2E74830FFB0B}.Debug|Any CPU.ActiveCfg = Debug|Any CPU
		{A7403B38-280B-42ED-AA21-2E74830FFB0B}.Debug|Any CPU.Build.0 = Debug|Any CPU
		{A7403B38-280B-42ED-AA21-2E74830FFB0B}.Release|Any CPU.ActiveCfg = Release|Any CPU
		{A7403B38-280B-42ED-AA21-2E74830FFB0B}.Release|Any CPU.Build.0 = Release|Any CPU
	EndGlobalSection
	GlobalSection(SolutionProperties) = preSolution
		HideSolutionNode = FALSE
	EndGlobalSection
	GlobalSection(NestedProjects) = preSolution
		{B9CDC448-801B-4CB4-958C-D035708FEC73} = {58AF39D8-5A13-475A-988C-ED0BCFF62DF6}
		{472EA5ED-65AA-4AEB-8C53-3610D68B7128} = {58AF39D8-5A13-475A-988C-ED0BCFF62DF6}
		{F4C82182-3614-42F1-93D4-76080CBB176A} = {58AF39D8-5A13-475A-988C-ED0BCFF62DF6}
		{E0597872-5154-4444-AD30-8C203750D871} = {58AF39D8-5A13-475A-988C-ED0BCFF62DF6}
		{DBB1D480-7A5B-4641-910F-2C7DDB3C6EF4} = {58AF39D8-5A13-475A-988C-ED0BCFF62DF6}
		{E49DAD80-B8CA-4E50-AD40-631DD6C3506A} = {58AF39D8-5A13-475A-988C-ED0BCFF62DF6}
		{1FCDF0F1-20D2-47FD-BF68-2A4CBC353654} = {58AF39D8-5A13-475A-988C-ED0BCFF62DF6}
		{947BB795-A7CE-4BC7-8CEC-3FBB88564D5B} = {58AF39D8-5A13-475A-988C-ED0BCFF62DF6}
		{5EC7F805-40E9-4ED1-9ADF-F12940521EF2} = {58AF39D8-5A13-475A-988C-ED0BCFF62DF6}
		{7EBE511D-516A-49CF-8441-B7D66DA83A7E} = {58AF39D8-5A13-475A-988C-ED0BCFF62DF6}
		{344F415C-C007-497D-BBA0-7F8E1B600156} = {58AF39D8-5A13-475A-988C-ED0BCFF62DF6}
		{A81A0DC3-2A74-49E5-8FDD-85F534E01C45} = {D0E4C882-392D-4111-A159-4958FE4BAFD8}
		{F9B09EEB-3E03-4C15-AE81-00701B2686AE} = {3356EC8C-3CFD-421F-BA13-D65AA9D2DBB0}
		{DCBA6C2F-7D5E-47FD-AC61-55A76FFC0303} = {6B791394-5119-4AA8-8E1E-C2C4ED869453}
		{C4FAC348-9C8F-4A4A-AECF-1424ED035120} = {89C772A5-2686-4A9F-96EA-38779F4B6913}
		{01689B0C-3A71-45EA-B44B-C538FE7CCAA9} = {58AF39D8-5A13-475A-988C-ED0BCFF62DF6}
		{501D78A9-0F2C-4957-8039-FD3FCE3D4001} = {58AF39D8-5A13-475A-988C-ED0BCFF62DF6}
		{3356EC8C-3CFD-421F-BA13-D65AA9D2DBB0} = {E1049E26-2610-4F3D-AFF6-14744E4008DE}
		{6B791394-5119-4AA8-8E1E-C2C4ED869453} = {E1049E26-2610-4F3D-AFF6-14744E4008DE}
		{A7403B38-280B-42ED-AA21-2E74830FFB0B} = {AE0D2CFE-53AF-4F89-B822-AAE1B548E9AA}
	EndGlobalSection
	GlobalSection(ExtensibilityGlobals) = postSolution
		SolutionGuid = {DB37D896-E760-49FD-B9DE-FFDB6DEEA421}
	EndGlobalSection
EndGlobal
